
Microsoft Visual Studio Solution File, Format Version 12.00
# Visual Studio 2012
Project("{FAE04EC0-301F-11D3-BF4B-00C04F79EFBC}") = "UniqueNumberGenerator", "UniqueNumberGenerator.csproj", "{B7E587DE-C675-470D-A66D-76F81712155A}"
EndProject
Global
	GlobalSection(SolutionConfigurationPlatforms) = preSolution
		Debug|Any CPU = Debug|Any CPU
		Release|Any CPU = Release|Any CPU
	EndGlobalSection
	GlobalSection(ProjectConfigurationPlatforms) = postSolution
		{B7E587DE-C675-470D-A66D-76F81712155A}.Debug|Any CPU.ActiveCfg = Debug|Any CPU
		{B7E587DE-C675-470D-A66D-76F81712155A}.Debug|Any CPU.Build.0 = Debug|Any CPU
		{B7E587DE-C675-470D-A66D-76F81712155A}.Release|Any CPU.ActiveCfg = Release|Any CPU
		{B7E587DE-C675-470D-A66D-76F81712155A}.Release|Any CPU.Build.0 = Release|Any CPU
	EndGlobalSection
	GlobalSection(SolutionProperties) = preSolution
		HideSolutionNode = FALSE
	EndGlobalSection
EndGlobal
